
Microsoft Visual Studio Solution File, Format Version 12.00
# Visual Studio Version 17
VisualStudioVersion = 17.8.34525.116
MinimumVisualStudioVersion = 10.0.40219.1
Project("{FAE04EC0-301F-11D3-BF4B-00C04F79EFBC}") = "ShopAPIWebApp", "ShopAPIWebApp\ShopAPIWebApp.csproj", "{157C2596-2510-43C1-919C-902238AA1986}"
EndProject
Global
	GlobalSection(SolutionConfigurationPlatforms) = preSolution
		Debug|Any CPU = Debug|Any CPU
		Release|Any CPU = Release|Any CPU
	EndGlobalSection
	GlobalSection(ProjectConfigurationPlatforms) = postSolution
		{157C2596-2510-43C1-919C-902238AA1986}.Debug|Any CPU.ActiveCfg = Debug|Any CPU
		{157C2596-2510-43C1-919C-902238AA1986}.Debug|Any CPU.Build.0 = Debug|Any CPU
		{157C2596-2510-43C1-919C-902238AA1986}.Release|Any CPU.ActiveCfg = Release|Any CPU
		{157C2596-2510-43C1-919C-902238AA1986}.Release|Any CPU.Build.0 = Release|Any CPU
	EndGlobalSection
	GlobalSection(SolutionProperties) = preSolution
		HideSolutionNode = FALSE
	EndGlobalSection
	GlobalSection(ExtensibilityGlobals) = postSolution
		SolutionGuid = {C0086CDA-8F27-475B-896C-A8F63FDB77BD}
	EndGlobalSection
EndGlobal
